// !$*UTF8*$!
{
	archiveVersion = 1;
	classes = {
	};
	objectVersion = 77;
	objects = {

/* Begin PBXBuildFile section */
		F45F259B2CF957BA00C3905F /* ARKit.framework in Frameworks */ = {isa = PBXBuildFile; fileRef = F45F259A2CF957BA00C3905F /* ARKit.framework */; settings = {ATTRIBUTES = (Required, ); }; };
/* End PBXBuildFile section */

/* Begin PBXContainerItemProxy section */
		F45008102CF93E4200948EC8 /* PBXContainerItemProxy */ = {
			isa = PBXContainerItemProxy;
			containerPortal = F45007F02CF93E4000948EC8 /* Project object */;
			proxyType = 1;
			remoteGlobalIDString = F45007F72CF93E4000948EC8;
			remoteInfo = MustacheARApp;
		};
		F450081A2CF93E4200948EC8 /* PBXContainerItemProxy */ = {
			isa = PBXContainerItemProxy;
			containerPortal = F45007F02CF93E4000948EC8 /* Project object */;
			proxyType = 1;
			remoteGlobalIDString = F45007F72CF93E4000948EC8;
			remoteInfo = MustacheARApp;
		};
/* End PBXContainerItemProxy section */

/* Begin PBXFileReference section */
		F45007F82CF93E4000948EC8 /* MustacheARApp.app */ = {isa = PBXFileReference; explicitFileType = wrapper.application; includeInIndex = 0; path = MustacheARApp.app; sourceTree = BUILT_PRODUCTS_DIR; };
		F450080F2CF93E4200948EC8 /* MustacheARAppTests.xctest */ = {isa = PBXFileReference; explicitFileType = wrapper.cfbundle; includeInIndex = 0; path = MustacheARAppTests.xctest; sourceTree = BUILT_PRODUCTS_DIR; };
		F45008192CF93E4200948EC8 /* MustacheARAppUITests.xctest */ = {isa = PBXFileReference; explicitFileType = wrapper.cfbundle; includeInIndex = 0; path = MustacheARAppUITests.xctest; sourceTree = BUILT_PRODUCTS_DIR; };
		F45F259A2CF957BA00C3905F /* ARKit.framework */ = {isa = PBXFileReference; lastKnownFileType = wrapper.framework; name = ARKit.framework; path = System/Library/Frameworks/ARKit.framework; sourceTree = SDKROOT; };
/* End PBXFileReference section */

/* Begin PBXFileSystemSynchronizedBuildFileExceptionSet section */
		F45008212CF93E4200948EC8 /* Exceptions for "MustacheARApp" folder in "MustacheARApp" target */ = {
			isa = PBXFileSystemSynchronizedBuildFileExceptionSet;
			membershipExceptions = (
				Info.plist,
			);
			target = F45007F72CF93E4000948EC8 /* MustacheARApp */;
		};
/* End PBXFileSystemSynchronizedBuildFileExceptionSet section */

/* Begin PBXFileSystemSynchronizedRootGroup section */
		F45007FA2CF93E4000948EC8 /* MustacheARApp */ = {
			isa = PBXFileSystemSynchronizedRootGroup;
			exceptions = (
				F45008212CF93E4200948EC8 /* Exceptions for "MustacheARApp" folder in "MustacheARApp" target */,
			);
			path = MustacheARApp;
			sourceTree = "<group>";
		};
		F45008122CF93E4200948EC8 /* MustacheARAppTests */ = {
			isa = PBXFileSystemSynchronizedRootGroup;
			path = MustacheARAppTests;
			sourceTree = "<group>";
		};
		F450081C2CF93E4200948EC8 /* MustacheARAppUITests */ = {
			isa = PBXFileSystemSynchronizedRootGroup;
			path = MustacheARAppUITests;
			sourceTree = "<group>";
		};
/* End PBXFileSystemSynchronizedRootGroup section */

/* Begin PBXFrameworksBuildPhase section */
		F45007F52CF93E4000948EC8 /* Frameworks */ = {
			isa = PBXFrameworksBuildPhase;
			buildActionMask = 2147483647;
			files = (
				F45F259B2CF957BA00C3905F /* ARKit.framework in Frameworks */,
			);
			runOnlyForDeploymentPostprocessing = 0;
		};
		F450080C2CF93E4200948EC8 /* Frameworks */ = {
			isa = PBXFrameworksBuildPhase;
			buildActionMask = 2147483647;
			files = (
			);
			runOnlyForDeploymentPostprocessing = 0;
		};
		F45008162CF93E4200948EC8 /* Frameworks */ = {
			isa = PBXFrameworksBuildPhase;
			buildActionMask = 2147483647;
			files = (
			);
			runOnlyForDeploymentPostprocessing = 0;
		};
/* End PBXFrameworksBuildPhase section */

/* Begin PBXGroup section */
		F45007EF2CF93E4000948EC8 = {
			isa = PBXGroup;
			children = (
				F45007FA2CF93E4000948EC8 /* MustacheARApp */,
				F45008122CF93E4200948EC8 /* MustacheARAppTests */,
				F450081C2CF93E4200948EC8 /* MustacheARAppUITests */,
				F45F25992CF957BA00C3905F /* Frameworks */,
				F45007F92CF93E4000948EC8 /* Products */,
			);
			sourceTree = "<group>";
		};
		F45007F92CF93E4000948EC8 /* Products */ = {
			isa = PBXGroup;
			children = (
				F45007F82CF93E4000948EC8 /* MustacheARApp.app */,
				F450080F2CF93E4200948EC8 /* MustacheARAppTests.xctest */,
				F45008192CF93E4200948EC8 /* MustacheARAppUITests.xctest */,
			);
			name = Products;
			sourceTree = "<group>";
		};
		F45F25992CF957BA00C3905F /* Frameworks */ = {
			isa = PBXGroup;
			children = (
				F45F259A2CF957BA00C3905F /* ARKit.framework */,
			);
			name = Frameworks;
			sourceTree = "<group>";
		};
/* End PBXGroup section */

/* Begin PBXNativeTarget section */
		F45007F72CF93E4000948EC8 /* MustacheARApp */ = {
			isa = PBXNativeTarget;
			buildConfigurationList = F45008222CF93E4200948EC8 /* Build configuration list for PBXNativeTarget "MustacheARApp" */;
			buildPhases = (
				F45007F42CF93E4000948EC8 /* Sources */,
				F45007F52CF93E4000948EC8 /* Frameworks */,
				F45007F62CF93E4000948EC8 /* Resources */,
			);
			buildRules = (
			);
			dependencies = (
			);
			fileSystemSynchronizedGroups = (
				F45007FA2CF93E4000948EC8 /* MustacheARApp */,
			);
			name = MustacheARApp;
			packageProductDependencies = (
			);
			productName = MustacheARApp;
			productReference = F45007F82CF93E4000948EC8 /* MustacheARApp.app */;
			productType = "com.apple.product-type.application";
		};
		F450080E2CF93E4200948EC8 /* MustacheARAppTests */ = {
			isa = PBXNativeTarget;
			buildConfigurationList = F45008272CF93E4200948EC8 /* Build configuration list for PBXNativeTarget "MustacheARAppTests" */;
			buildPhases = (
				F450080B2CF93E4200948EC8 /* Sources */,
				F450080C2CF93E4200948EC8 /* Frameworks */,
				F450080D2CF93E4200948EC8 /* Resources */,
			);
			buildRules = (
			);
			dependencies = (
				F45008112CF93E4200948EC8 /* PBXTargetDependency */,
			);
			fileSystemSynchronizedGroups = (
				F45008122CF93E4200948EC8 /* MustacheARAppTests */,
			);
			name = MustacheARAppTests;
			packageProductDependencies = (
			);
			productName = MustacheARAppTests;
			productReference = F450080F2CF93E4200948EC8 /* MustacheARAppTests.xctest */;
			productType = "com.apple.product-type.bundle.unit-test";
		};
		F45008182CF93E4200948EC8 /* MustacheARAppUITests */ = {
			isa = PBXNativeTarget;
			buildConfigurationList = F450082A2CF93E4200948EC8 /* Build configuration list for PBXNativeTarget "MustacheARAppUITests" */;
			buildPhases = (
				F45008152CF93E4200948EC8 /* Sources */,
				F45008162CF93E4200948EC8 /* Frameworks */,
				F45008172CF93E4200948EC8 /* Resources */,
			);
			buildRules = (
			);
			dependencies = (
				F450081B2CF93E4200948EC8 /* PBXTargetDependency */,
			);
			fileSystemSynchronizedGroups = (
				F450081C2CF93E4200948EC8 /* MustacheARAppUITests */,
			);
			name = MustacheARAppUITests;
			packageProductDependencies = (
			);
			productName = MustacheARAppUITests;
			productReference = F45008192CF93E4200948EC8 /* MustacheARAppUITests.xctest */;
			productType = "com.apple.product-type.bundle.ui-testing";
		};
/* End PBXNativeTarget section */

/* Begin PBXProject section */
		F45007F02CF93E4000948EC8 /* Project object */ = {
			isa = PBXProject;
			attributes = {
				BuildIndependentTargetsInParallel = 1;
				LastSwiftUpdateCheck = 1610;
				LastUpgradeCheck = 1610;
				TargetAttributes = {
					F45007F72CF93E4000948EC8 = {
						CreatedOnToolsVersion = 16.1;
					};
					F450080E2CF93E4200948EC8 = {
						CreatedOnToolsVersion = 16.1;
						TestTargetID = F45007F72CF93E4000948EC8;
					};
					F45008182CF93E4200948EC8 = {
						CreatedOnToolsVersion = 16.1;
						TestTargetID = F45007F72CF93E4000948EC8;
					};
				};
			};
			buildConfigurationList = F45007F32CF93E4000948EC8 /* Build configuration list for PBXProject "MustacheARApp" */;
			developmentRegion = en;
			hasScannedForEncodings = 0;
			knownRegions = (
				en,
				Base,
			);
			mainGroup = F45007EF2CF93E4000948EC8;
			minimizedProjectReferenceProxies = 1;
			preferredProjectObjectVersion = 77;
			productRefGroup = F45007F92CF93E4000948EC8 /* Products */;
			projectDirPath = "";
			projectRoot = "";
			targets = (
				F45007F72CF93E4000948EC8 /* MustacheARApp */,
				F450080E2CF93E4200948EC8 /* MustacheARAppTests */,
				F45008182CF93E4200948EC8 /* MustacheARAppUITests */,
			);
		};
/* End PBXProject section */

/* Begin PBXResourcesBuildPhase section */
		F45007F62CF93E4000948EC8 /* Resources */ = {
			isa = PBXResourcesBuildPhase;
			buildActionMask = 2147483647;
			files = (
			);
			runOnlyForDeploymentPostprocessing = 0;
		};
		F450080D2CF93E4200948EC8 /* Resources */ = {
			isa = PBXResourcesBuildPhase;
			buildActionMask = 2147483647;
			files = (
			);
			runOnlyForDeploymentPostprocessing = 0;
		};
		F45008172CF93E4200948EC8 /* Resources */ = {
			isa = PBXResourcesBuildPhase;
			buildActionMask = 2147483647;
			files = (
			);
			runOnlyForDeploymentPostprocessing = 0;
		};
/* End PBXResourcesBuildPhase section */

/* Begin PBXSourcesBuildPhase section */
		F45007F42CF93E4000948EC8 /* Sources */ = {
			isa = PBXSourcesBuildPhase;
			buildActionMask = 2147483647;
			files = (
			);
			runOnlyForDeploymentPostprocessing = 0;
		};
		F450080B2CF93E4200948EC8 /* Sources */ = {
			isa = PBXSourcesBuildPhase;
			buildActionMask = 2147483647;
			files = (
			);
			runOnlyForDeploymentPostprocessing = 0;
		};
		F45008152CF93E4200948EC8 /* Sources */ = {
			isa = PBXSourcesBuildPhase;
			buildActionMask = 2147483647;
			files = (
			);
			runOnlyForDeploymentPostprocessing = 0;
		};
/* End PBXSourcesBuildPhase section */

/* Begin PBXTargetDependency section */
		F45008112CF93E4200948EC8 /* PBXTargetDependency */ = {
			isa = PBXTargetDependency;
			target = F45007F72CF93E4000948EC8 /* MustacheARApp */;
			targetProxy = F45008102CF93E4200948EC8 /* PBXContainerItemProxy */;
		};
		F450081B2CF93E4200948EC8 /* PBXTargetDependency */ = {
			isa = PBXTargetDependency;
			target = F45007F72CF93E4000948EC8 /* MustacheARApp */;
			targetProxy = F450081A2CF93E4200948EC8 /* PBXContainerItemProxy */;
		};
/* End PBXTargetDependency section */

/* Begin XCBuildConfiguration section */
		F45008232CF93E4200948EC8 /* Debug */ = {
			isa = XCBuildConfiguration;
			buildSettings = {
				ASSETCATALOG_COMPILER_APPICON_NAME = AppIcon;
				ASSETCATALOG_COMPILER_GLOBAL_ACCENT_COLOR_NAME = AccentColor;
				CODE_SIGN_ENTITLEMENTS = MustacheARApp/MustacheARApp.entitlements;
				CODE_SIGN_STYLE = Automatic;
				CURRENT_PROJECT_VERSION = 1;
				DEVELOPMENT_ASSET_PATHS = "\"MustacheARApp/Preview Content\"";
				ENABLE_PREVIEWS = YES;
				GENERATE_INFOPLIST_FILE = YES;
				INFOPLIST_FILE = MustacheARApp/Info.plist;
				INFOPLIST_KEY_UIApplicationSceneManifest_Generation = YES;
				INFOPLIST_KEY_UIApplicationSupportsIndirectInputEvents = YES;
				INFOPLIST_KEY_UILaunchScreen_Generation = YES;
				INFOPLIST_KEY_UIRequiredDeviceCapabilities = "arkit camera-flash front-facing-camera";
				INFOPLIST_KEY_UISupportedInterfaceOrientations_iPad = "UIInterfaceOrientationPortrait UIInterfaceOrientationPortraitUpsideDown UIInterfaceOrientationLandscapeLeft UIInterfaceOrientationLandscapeRight";
				INFOPLIST_KEY_UISupportedInterfaceOrientations_iPhone = "UIInterfaceOrientationPortrait UIInterfaceOrientationLandscapeLeft UIInterfaceOrientationLandscapeRight";
				LD_RUNPATH_SEARCH_PATHS = (
					"$(inherited)",
					"@executable_path/Frameworks",
				);
				MARKETING_VERSION = 1.0;
				PRODUCT_BUNDLE_IDENTIFIER = Yogansh.MustacheARApp;
				PRODUCT_NAME = "$(TARGET_NAME)";
				SWIFT_EMIT_LOC_STRINGS = YES;
				SWIFT_VERSION = 5.0;
				TARGETED_DEVICE_FAMILY = "1,2";
			};
			name = Debug;
		};
		F45008242CF93E4200948EC8 /* Release */ = {
			isa = XCBuildConfiguration;
			buildSettings = {
				ASSETCATALOG_COMPILER_APPICON_NAME = AppIcon;
				ASSETCATALOG_COMPILER_GLOBAL_ACCENT_COLOR_NAME = AccentColor;
				CODE_SIGN_ENTITLEMENTS = MustacheARApp/MustacheARApp.entitlements;
				CODE_SIGN_STYLE = Automatic;
				CURRENT_PROJECT_VERSION = 1;
				DEVELOPMENT_ASSET_PATHS = "\"MustacheARApp/Preview Content\"";
				ENABLE_PREVIEWS = YES;
				GENERATE_INFOPLIST_FILE = YES;
				INFOPLIST_FILE = MustacheARApp/Info.plist;
				INFOPLIST_KEY_UIApplicationSceneManifest_Generation = YES;
				INFOPLIST_KEY_UIApplicationSupportsIndirectInputEvents = YES;
				INFOPLIST_KEY_UILaunchScreen_Generation = YES;
				INFOPLIST_KEY_UIRequiredDeviceCapabilities = "arkit camera-flash front-facing-camera";
				INFOPLIST_KEY_UISupportedInterfaceOrientations_iPad = "UIInterfaceOrientationPortrait UIInterfaceOrientationPortraitUpsideDown UIInterfaceOrientationLandscapeLeft UIInterfaceOrientationLandscapeRight";
				INFOPLIST_KEY_UISupportedInterfaceOrientations_iPhone = "UIInterfaceOrientationPortrait UIInterfaceOrientationLandscapeLeft UIInterfaceOrientationLandscapeRight";
				LD_RUNPATH_SEARCH_PATHS = (
					"$(inherited)",
					"@executable_path/Frameworks",
				);
				MARKETING_VERSION = 1.0;
				PRODUCT_BUNDLE_IDENTIFIER = Yogansh.MustacheARApp;
				PRODUCT_NAME = "$(TARGET_NAME)";
				SWIFT_EMIT_LOC_STRINGS = YES;
				SWIFT_VERSION = 5.0;
				TARGETED_DEVICE_FAMILY = "1,2";
			};
			name = Release;
		};
		F45008252CF93E4200948EC8 /* Debug */ = {
			isa = XCBuildConfiguration;
			buildSettings = {
				ALWAYS_SEARCH_USER_PATHS = NO;
				ASSETCATALOG_COMPILER_GENERATE_SWIFT_ASSET_SYMBOL_EXTENSIONS = YES;
				CLANG_ANALYZER_NONNULL = YES;
				CLANG_ANALYZER_NUMBER_OBJECT_CONVERSION = YES_AGGRESSIVE;
				CLANG_CXX_LANGUAGE_STANDARD = "gnu++20";
				CLANG_ENABLE_MODULES = YES;
				CLANG_ENABLE_OBJC_ARC = YES;
				CLANG_ENABLE_OBJC_WEAK = YES;
				CLANG_WARN_BLOCK_CAPTURE_AUTORELEASING = YES;
				CLANG_WARN_BOOL_CONVERSION = YES;
				CLANG_WARN_COMMA = YES;
				CLANG_WARN_CONSTANT_CONVERSION = YES;
				CLANG_WARN_DEPRECATED_OBJC_IMPLEMENTATIONS = YES;
				CLANG_WARN_DIRECT_OBJC_ISA_USAGE = YES_ERROR;
				CLANG_WARN_DOCUMENTATION_COMMENTS = YES;
				CLANG_WARN_EMPTY_BODY = YES;
				CLANG_WARN_ENUM_CONVERSION = YES;
				CLANG_WARN_INFINITE_RECURSION = YES;
				CLANG_WARN_INT_CONVERSION = YES;
				CLANG_WARN_NON_LITERAL_NULL_CONVERSION = YES;
				CLANG_WARN_OBJC_IMPLICIT_RETAIN_SELF = YES;
				CLANG_WARN_OBJC_LITERAL_CONVERSION = YES;
				CLANG_WARN_OBJC_ROOT_CLASS = YES_ERROR;
				CLANG_WARN_QUOTED_INCLUDE_IN_FRAMEWORK_HEADER = YES;
				CLANG_WARN_RANGE_LOOP_ANALYSIS = YES;
				CLANG_WARN_STRICT_PROTOTYPES = YES;
				CLANG_WARN_SUSPICIOUS_MOVE = YES;
				CLANG_WARN_UNGUARDED_AVAILABILITY = YES_AGGRESSIVE;
				CLANG_WARN_UNREACHABLE_CODE = YES;
				CLANG_WARN__DUPLICATE_METHOD_MATCH = YES;
				COPY_PHASE_STRIP = NO;
				DEBUG_INFORMATION_FORMAT = dwarf;
				ENABLE_STRICT_OBJC_MSGSEND = YES;
				ENABLE_TESTABILITY = YES;
				ENABLE_USER_SCRIPT_SANDBOXING = YES;
				GCC_C_LANGUAGE_STANDARD = gnu17;
				GCC_DYNAMIC_NO_PIC = NO;
				GCC_NO_COMMON_BLOCKS = YES;
				GCC_OPTIMIZATION_LEVEL = 0;
				GCC_PREPROCESSOR_DEFINITIONS = (
					"DEBUG=1",
					"$(inherited)",
				);
				GCC_WARN_64_TO_32_BIT_CONVERSION = YES;
				GCC_WARN_ABOUT_RETURN_TYPE = YES_ERROR;
				GCC_WARN_UNDECLARED_SELECTOR = YES;
				GCC_WARN_UNINITIALIZED_AUTOS = YES_AGGRESSIVE;
				GCC_WARN_UNUSED_FUNCTION = YES;
				GCC_WARN_UNUSED_VARIABLE = YES;
				IPHONEOS_DEPLOYMENT_TARGET = 18.1;
				LOCALIZATION_PREFERS_STRING_CATALOGS = YES;
				MTL_ENABLE_DEBUG_INFO = INCLUDE_SOURCE;
				MTL_FAST_MATH = YES;
				ONLY_ACTIVE_ARCH = YES;
				SDKROOT = iphoneos;
				SWIFT_ACTIVE_COMPILATION_CONDITIONS = "DEBUG $(inherited)";
				SWIFT_OPTIMIZATION_LEVEL = "-Onone";
			};
			name = Debug;
		};
		F45008262CF93E4200948EC8 /* Release */ = {
			isa = XCBuildConfiguration;
			buildSettings = {
				ALWAYS_SEARCH_USER_PATHS = NO;
				ASSETCATALOG_COMPILER_GENERATE_SWIFT_ASSET_SYMBOL_EXTENSIONS = YES;
				CLANG_ANALYZER_NONNULL = YES;
				CLANG_ANALYZER_NUMBER_OBJECT_CONVERSION = YES_AGGRESSIVE;
				CLANG_CXX_LANGUAGE_STANDARD = "gnu++20";
				CLANG_ENABLE_MODULES = YES;
				CLANG_ENABLE_OBJC_ARC = YES;
				CLANG_ENABLE_OBJC_WEAK = YES;
				CLANG_WARN_BLOCK_CAPTURE_AUTORELEASING = YES;
				CLANG_WARN_BOOL_CONVERSION = YES;
				CLANG_WARN_COMMA = YES;
				CLANG_WARN_CONSTANT_CONVERSION = YES;
				CLANG_WARN_DEPRECATED_OBJC_IMPLEMENTATIONS = YES;
				CLANG_WARN_DIRECT_OBJC_ISA_USAGE = YES_ERROR;
				CLANG_WARN_DOCUMENTATION_COMMENTS = YES;
				CLANG_WARN_EMPTY_BODY = YES;
				CLANG_WARN_ENUM_CONVERSION = YES;
				CLANG_WARN_INFINITE_RECURSION = YES;
				CLANG_WARN_INT_CONVERSION = YES;
				CLANG_WARN_NON_LITERAL_NULL_CONVERSION = YES;
				CLANG_WARN_OBJC_IMPLICIT_RETAIN_SELF = YES;
				CLANG_WARN_OBJC_LITERAL_CONVERSION = YES;
				CLANG_WARN_OBJC_ROOT_CLASS = YES_ERROR;
				CLANG_WARN_QUOTED_INCLUDE_IN_FRAMEWORK_HEADER = YES;
				CLANG_WARN_RANGE_LOOP_ANALYSIS = YES;
				CLANG_WARN_STRICT_PROTOTYPES = YES;
				CLANG_WARN_SUSPICIOUS_MOVE = YES;
				CLANG_WARN_UNGUARDED_AVAILABILITY = YES_AGGRESSIVE;
				CLANG_WARN_UNREACHABLE_CODE = YES;
				CLANG_WARN__DUPLICATE_METHOD_MATCH = YES;
				COPY_PHASE_STRIP = NO;
				DEBUG_INFORMATION_FORMAT = "dwarf-with-dsym";
				ENABLE_NS_ASSERTIONS = NO;
				ENABLE_STRICT_OBJC_MSGSEND = YES;
				ENABLE_USER_SCRIPT_SANDBOXING = YES;
				GCC_C_LANGUAGE_STANDARD = gnu17;
				GCC_NO_COMMON_BLOCKS = YES;
				GCC_WARN_64_TO_32_BIT_CONVERSION = YES;
				GCC_WARN_ABOUT_RETURN_TYPE = YES_ERROR;
				GCC_WARN_UNDECLARED_SELECTOR = YES;
				GCC_WARN_UNINITIALIZED_AUTOS = YES_AGGRESSIVE;
				GCC_WARN_UNUSED_FUNCTION = YES;
				GCC_WARN_UNUSED_VARIABLE = YES;
				IPHONEOS_DEPLOYMENT_TARGET = 18.1;
				LOCALIZATION_PREFERS_STRING_CATALOGS = YES;
				MTL_ENABLE_DEBUG_INFO = NO;
				MTL_FAST_MATH = YES;
				SDKROOT = iphoneos;
				SWIFT_COMPILATION_MODE = wholemodule;
				VALIDATE_PRODUCT = YES;
			};
			name = Release;
		};
		F45008282CF93E4200948EC8 /* Debug */ = {
			isa = XCBuildConfiguration;
			buildSettings = {
				BUNDLE_LOADER = "$(TEST_HOST)";
				CODE_SIGN_STYLE = Automatic;
				CURRENT_PROJECT_VERSION = 1;
				GENERATE_INFOPLIST_FILE = YES;
				IPHONEOS_DEPLOYMENT_TARGET = 18.1;
				MARKETING_VERSION = 1.0;
				PRODUCT_BUNDLE_IDENTIFIER = Yogansh.MustacheARAppTests;
				PRODUCT_NAME = "$(TARGET_NAME)";
				SWIFT_EMIT_LOC_STRINGS = NO;
				SWIFT_VERSION = 5.0;
				TARGETED_DEVICE_FAMILY = "1,2";
				TEST_HOST = "$(BUILT_PRODUCTS_DIR)/MustacheARApp.app/$(BUNDLE_EXECUTABLE_FOLDER_PATH)/MustacheARApp";
			};
			name = Debug;
		};
		F45008292CF93E4200948EC8 /* Release */ = {
			isa = XCBuildConfiguration;
			buildSettings = {
				BUNDLE_LOADER = "$(TEST_HOST)";
				CODE_SIGN_STYLE = Automatic;
				CURRENT_PROJECT_VERSION = 1;
				GENERATE_INFOPLIST_FILE = YES;
				IPHONEOS_DEPLOYMENT_TARGET = 18.1;
				MARKETING_VERSION = 1.0;
				PRODUCT_BUNDLE_IDENTIFIER = Yogansh.MustacheARAppTests;
				PRODUCT_NAME = "$(TARGET_NAME)";
				SWIFT_EMIT_LOC_STRINGS = NO;
				SWIFT_VERSION = 5.0;
				TARGETED_DEVICE_FAMILY = "1,2";
				TEST_HOST = "$(BUILT_PRODUCTS_DIR)/MustacheARApp.app/$(BUNDLE_EXECUTABLE_FOLDER_PATH)/MustacheARApp";
			};
			name = Release;
		};
		F450082B2CF93E4200948EC8 /* Debug */ = {
			isa = XCBuildConfiguration;
			buildSettings = {
				CODE_SIGN_STYLE = Automatic;
				CURRENT_PROJECT_VERSION = 1;
				GENERATE_INFOPLIST_FILE = YES;
				MARKETING_VERSION = 1.0;
				PRODUCT_BUNDLE_IDENTIFIER = Yogansh.MustacheARAppUITests;
				PRODUCT_NAME = "$(TARGET_NAME)";
				SWIFT_EMIT_LOC_STRINGS = NO;
				SWIFT_VERSION = 5.0;
				TARGETED_DEVICE_FAMILY = "1,2";
				TEST_TARGET_NAME = MustacheARApp;
			};
			name = Debug;
		};
		F450082C2CF93E4200948EC8 /* Release */ = {
			isa = XCBuildConfiguration;
			buildSettings = {
				CODE_SIGN_STYLE = Automatic;
				CURRENT_PROJECT_VERSION = 1;
				GENERATE_INFOPLIST_FILE = YES;
				MARKETING_VERSION = 1.0;
				PRODUCT_BUNDLE_IDENTIFIER = Yogansh.MustacheARAppUITests;
				PRODUCT_NAME = "$(TARGET_NAME)";
				SWIFT_EMIT_LOC_STRINGS = NO;
				SWIFT_VERSION = 5.0;
				TARGETED_DEVICE_FAMILY = "1,2";
				TEST_TARGET_NAME = MustacheARApp;
			};
			name = Release;
		};
/* End XCBuildConfiguration section */

/* Begin XCConfigurationList section */
		F45007F32CF93E4000948EC8 /* Build configuration list for PBXProject "MustacheARApp" */ = {
			isa = XCConfigurationList;
			buildConfigurations = (
				F45008252CF93E4200948EC8 /* Debug */,
				F45008262CF93E4200948EC8 /* Release */,
			);
			defaultConfigurationIsVisible = 0;
			defaultConfigurationName = Release;
		};
		F45008222CF93E4200948EC8 /* Build configuration list for PBXNativeTarget "MustacheARApp" */ = {
			isa = XCConfigurationList;
			buildConfigurations = (
				F45008232CF93E4200948EC8 /* Debug */,
				F45008242CF93E4200948EC8 /* Release */,
			);
			defaultConfigurationIsVisible = 0;
			defaultConfigurationName = Release;
		};
		F45008272CF93E4200948EC8 /* Build configuration list for PBXNativeTarget "MustacheARAppTests" */ = {
			isa = XCConfigurationList;
			buildConfigurations = (
				F45008282CF93E4200948EC8 /* Debug */,
				F45008292CF93E4200948EC8 /* Release */,
			);
			defaultConfigurationIsVisible = 0;
			defaultConfigurationName = Release;
		};
		F450082A2CF93E4200948EC8 /* Build configuration list for PBXNativeTarget "MustacheARAppUITests" */ = {
			isa = XCConfigurationList;
			buildConfigurations = (
				F450082B2CF93E4200948EC8 /* Debug */,
				F450082C2CF93E4200948EC8 /* Release */,
			);
			defaultConfigurationIsVisible = 0;
			defaultConfigurationName = Release;
		};
/* End XCConfigurationList section */
	};
	rootObject = F45007F02CF93E4000948EC8 /* Project object */;
}
